
Microsoft Visual Studio Solution File, Format Version 12.00
# Visual Studio 15
VisualStudioVersion = 15.0.27703.2047
MinimumVisualStudioVersion = 10.0.40219.1
Project("{9A19103F-16F7-4668-BE54-9A1E7A4F7556}") = "TestWebApp", "TestWebApp\TestWebApp.csproj", "{CF711C2E-F548-4FF1-869F-8BAB33346D90}"
EndProject
Project("{9A19103F-16F7-4668-BE54-9A1E7A4F7556}") = "Test", "Test\Test.csproj", "{AA309DA5-12A6-4378-A053-BE481A2D76FF}"
EndProject
Project("{FAE04EC0-301F-11D3-BF4B-00C04F79EFBC}") = "TestCamera", "TestCamera\TestCamera.csproj", "{5D2D0E93-B102-4A72-894F-099C8C169ED8}"
EndProject
Global
	GlobalSection(SolutionConfigurationPlatforms) = preSolution
		Debug|Any CPU = Debug|Any CPU
		Release|Any CPU = Release|Any CPU
	EndGlobalSection
	GlobalSection(ProjectConfigurationPlatforms) = postSolution
		{CF711C2E-F548-4FF1-869F-8BAB33346D90}.Debug|Any CPU.ActiveCfg = Debug|Any CPU
		{CF711C2E-F548-4FF1-869F-8BAB33346D90}.Debug|Any CPU.Build.0 = Debug|Any CPU
		{CF711C2E-F548-4FF1-869F-8BAB33346D90}.Release|Any CPU.ActiveCfg = Release|Any CPU
		{CF711C2E-F548-4FF1-869F-8BAB33346D90}.Release|Any CPU.Build.0 = Release|Any CPU
		{AA309DA5-12A6-4378-A053-BE481A2D76FF}.Debug|Any CPU.ActiveCfg = Debug|Any CPU
		{AA309DA5-12A6-4378-A053-BE481A2D76FF}.Debug|Any CPU.Build.0 = Debug|Any CPU
		{AA309DA5-12A6-4378-A053-BE481A2D76FF}.Release|Any CPU.ActiveCfg = Release|Any CPU
		{AA309DA5-12A6-4378-A053-BE481A2D76FF}.Release|Any CPU.Build.0 = Release|Any CPU
		{5D2D0E93-B102-4A72-894F-099C8C169ED8}.Debug|Any CPU.ActiveCfg = Debug|Any CPU
		{5D2D0E93-B102-4A72-894F-099C8C169ED8}.Debug|Any CPU.Build.0 = Debug|Any CPU
		{5D2D0E93-B102-4A72-894F-099C8C169ED8}.Release|Any CPU.ActiveCfg = Release|Any CPU
		{5D2D0E93-B102-4A72-894F-099C8C169ED8}.Release|Any CPU.Build.0 = Release|Any CPU
	EndGlobalSection
	GlobalSection(SolutionProperties) = preSolution
		HideSolutionNode = FALSE
	EndGlobalSection
	GlobalSection(ExtensibilityGlobals) = postSolution
		SolutionGuid = {37DF8283-96EC-4C9B-8B7D-FAE7FC42925B}
	EndGlobalSection
EndGlobal
